
Microsoft Visual Studio Solution File, Format Version 12.00
# Visual Studio Version 17
VisualStudioVersion = 17.4.33205.214
MinimumVisualStudioVersion = 10.0.40219.1
Project("{8BC9CEB8-8B4A-11D0-8D11-00A0C91BC942}") = "Jogo_da_adivinhacao", "Jogo_da_adivinhacao\Jogo_da_adivinhacao.vcxproj", "{7276DE31-D4DB-49F4-8D5E-8FDF0E3402F9}"
EndProject
Global
	GlobalSection(SolutionConfigurationPlatforms) = preSolution
		Debug|x64 = Debug|x64
		Debug|x86 = Debug|x86
		Release|x64 = Release|x64
		Release|x86 = Release|x86
	EndGlobalSection
	GlobalSection(ProjectConfigurationPlatforms) = postSolution
		{7276DE31-D4DB-49F4-8D5E-8FDF0E3402F9}.Debug|x64.ActiveCfg = Debug|x64
		{7276DE31-D4DB-49F4-8D5E-8FDF0E3402F9}.Debug|x64.Build.0 = Debug|x64
		{7276DE31-D4DB-49F4-8D5E-8FDF0E3402F9}.Debug|x86.ActiveCfg = Debug|Win32
		{7276DE31-D4DB-49F4-8D5E-8FDF0E3402F9}.Debug|x86.Build.0 = Debug|Win32
		{7276DE31-D4DB-49F4-8D5E-8FDF0E3402F9}.Release|x64.ActiveCfg = Release|x64
		{7276DE31-D4DB-49F4-8D5E-8FDF0E3402F9}.Release|x64.Build.0 = Release|x64
		{7276DE31-D4DB-49F4-8D5E-8FDF0E3402F9}.Release|x86.ActiveCfg = Release|Win32
		{7276DE31-D4DB-49F4-8D5E-8FDF0E3402F9}.Release|x86.Build.0 = Release|Win32
	EndGlobalSection
	GlobalSection(SolutionProperties) = preSolution
		HideSolutionNode = FALSE
	EndGlobalSection
	GlobalSection(ExtensibilityGlobals) = postSolution
		SolutionGuid = {8884F5FA-6C55-4BB2-AB0C-1E28B5E821E3}
	EndGlobalSection
EndGlobal
